
Microsoft Visual Studio Solution File, Format Version 12.00
# Visual Studio Version 16
VisualStudioVersion = 16.0.29519.87
MinimumVisualStudioVersion = 10.0.40219.1
Project("{8BC9CEB8-8B4A-11D0-8D11-00A0C91BC942}") = "olga-sprawdzian1", "olga-sprawdzian1.vcxproj", "{6E2C5D5F-C3D0-4C28-A1D6-B9F46FED629A}"
EndProject
Global
	GlobalSection(SolutionConfigurationPlatforms) = preSolution
		Debug|x64 = Debug|x64
		Debug|x86 = Debug|x86
		Release|x64 = Release|x64
		Release|x86 = Release|x86
	EndGlobalSection
	GlobalSection(ProjectConfigurationPlatforms) = postSolution
		{6E2C5D5F-C3D0-4C28-A1D6-B9F46FED629A}.Debug|x64.ActiveCfg = Debug|x64
		{6E2C5D5F-C3D0-4C28-A1D6-B9F46FED629A}.Debug|x64.Build.0 = Debug|x64
		{6E2C5D5F-C3D0-4C28-A1D6-B9F46FED629A}.Debug|x86.ActiveCfg = Debug|Win32
		{6E2C5D5F-C3D0-4C28-A1D6-B9F46FED629A}.Debug|x86.Build.0 = Debug|Win32
		{6E2C5D5F-C3D0-4C28-A1D6-B9F46FED629A}.Release|x64.ActiveCfg = Release|x64
		{6E2C5D5F-C3D0-4C28-A1D6-B9F46FED629A}.Release|x64.Build.0 = Release|x64
		{6E2C5D5F-C3D0-4C28-A1D6-B9F46FED629A}.Release|x86.ActiveCfg = Release|Win32
		{6E2C5D5F-C3D0-4C28-A1D6-B9F46FED629A}.Release|x86.Build.0 = Release|Win32
	EndGlobalSection
	GlobalSection(SolutionProperties) = preSolution
		HideSolutionNode = FALSE
	EndGlobalSection
	GlobalSection(ExtensibilityGlobals) = postSolution
		SolutionGuid = {BD191A0C-F67B-4E7B-8423-F797F55DA78E}
	EndGlobalSection
EndGlobal
